{
  "version": 2,
  "dependencies": {
    "net10.0": {
      "asibackbone.aspnetcore": {
        "type": "Project",
        "dependencies": {
          "AsiBackbone.Core": "[3.0.1, )",
          "AsiBackbone.DependencyInjection": "[3.0.1, )"
        }
      },
      "asibackbone.core": {
        "type": "Project"
      },
      "asibackbone.dependencyinjection": {
        "type": "Project"
      },
      "asibackbone.storage.inmemory": {
        "type": "Project",
        "dependencies": {
          "AsiBackbone.Core": "[3.0.1, )",
          "AsiBackbone.DependencyInjection": "[3.0.1, )"
        }
      }
    }
  }
}